
Microsoft Visual Studio Solution File, Format Version 12.00
# Visual Studio Version 17
VisualStudioVersion = 17.0.32112.339
MinimumVisualStudioVersion = 10.0.40219.1
Project("{2150E333-8FDC-42A3-9474-1A3956D46DE8}") = "App", "App", "{921BE402-8481-498A-83E0-C53428BF580E}"
EndProject
Project("{2150E333-8FDC-42A3-9474-1A3956D46DE8}") = "Tests", "Tests", "{6A05AB6E-79A9-40AA-9463-CE6B0FAD4015}"
EndProject
Project("{2150E333-8FDC-42A3-9474-1A3956D46DE8}") = "1 - Presentation", "1 - Presentation", "{6CAF052C-AD26-4285-9684-7D143534479E}"
EndProject
Project("{2150E333-8FDC-42A3-9474-1A3956D46DE8}") = "2 - Application", "2 - Application", "{A73C458E-8BBB-4168-B1D2-E4A8FA1D7D98}"
EndProject
Project("{2150E333-8FDC-42A3-9474-1A3956D46DE8}") = "3 - Domain", "3 - Domain", "{E1B305B3-3DCE-4DC8-A669-DCD3446BA64B}"
EndProject
Project("{2150E333-8FDC-42A3-9474-1A3956D46DE8}") = "4 - Infrastructure", "4 - Infrastructure", "{41656535-5B2B-40E4-9E1A-B7B01989C717}"
EndProject
Project("{9A19103F-16F7-4668-BE54-9A1E7A4F7556}") = "IateClubManager.Application", "IateClubManager.Application\IateClubManager.Application.csproj", "{0427CA58-E166-4CEC-846F-674831A5BED8}"
EndProject
Project("{9A19103F-16F7-4668-BE54-9A1E7A4F7556}") = "IateClubManager.Domain.Core", "IateClubManager.Domain.Core\IateClubManager.Domain.Core.csproj", "{780777A8-1347-46B6-8894-60424B6C1104}"
EndProject
Project("{9A19103F-16F7-4668-BE54-9A1E7A4F7556}") = "IateClubManager.Domain.Secretaria", "IateClubManager.Domain.Administracao\IateClubManager.Domain.Secretaria.csproj", "{D6D168A1-89FE-4E5E-A947-A2FA3FA29570}"
EndProject
Project("{9A19103F-16F7-4668-BE54-9A1E7A4F7556}") = "IateClubManager.Domain.Navegacao", "IateClubManager.Domain.Navegacao\IateClubManager.Domain.Navegacao.csproj", "{E73770D9-3912-4E72-8889-9B13D1FFC080}"
EndProject
Project("{9A19103F-16F7-4668-BE54-9A1E7A4F7556}") = "IateClubManager.Infra.Data", "IateClubManager.Infra.Data\IateClubManager.Infra.Data.csproj", "{0A194518-9CB3-4B0E-9789-4EAC4A7EF5A6}"
EndProject
Project("{FAE04EC0-301F-11D3-BF4B-00C04F79EFBC}") = "IateClubMAnager.Tests", "IateClubMAnager.Tests\IateClubMAnager.Tests.csproj", "{302C378F-1396-4A6E-8730-FABA5050A654}"
EndProject
Global
	GlobalSection(SolutionConfigurationPlatforms) = preSolution
		Debug|Any CPU = Debug|Any CPU
		Release|Any CPU = Release|Any CPU
	EndGlobalSection
	GlobalSection(ProjectConfigurationPlatforms) = postSolution
		{0427CA58-E166-4CEC-846F-674831A5BED8}.Debug|Any CPU.ActiveCfg = Debug|Any CPU
		{0427CA58-E166-4CEC-846F-674831A5BED8}.Debug|Any CPU.Build.0 = Debug|Any CPU
		{0427CA58-E166-4CEC-846F-674831A5BED8}.Release|Any CPU.ActiveCfg = Release|Any CPU
		{0427CA58-E166-4CEC-846F-674831A5BED8}.Release|Any CPU.Build.0 = Release|Any CPU
		{780777A8-1347-46B6-8894-60424B6C1104}.Debug|Any CPU.ActiveCfg = Debug|Any CPU
		{780777A8-1347-46B6-8894-60424B6C1104}.Debug|Any CPU.Build.0 = Debug|Any CPU
		{780777A8-1347-46B6-8894-60424B6C1104}.Release|Any CPU.ActiveCfg = Release|Any CPU
		{780777A8-1347-46B6-8894-60424B6C1104}.Release|Any CPU.Build.0 = Release|Any CPU
		{D6D168A1-89FE-4E5E-A947-A2FA3FA29570}.Debug|Any CPU.ActiveCfg = Debug|Any CPU
		{D6D168A1-89FE-4E5E-A947-A2FA3FA29570}.Debug|Any CPU.Build.0 = Debug|Any CPU
		{D6D168A1-89FE-4E5E-A947-A2FA3FA29570}.Release|Any CPU.ActiveCfg = Release|Any CPU
		{D6D168A1-89FE-4E5E-A947-A2FA3FA29570}.Release|Any CPU.Build.0 = Release|Any CPU
		{E73770D9-3912-4E72-8889-9B13D1FFC080}.Debug|Any CPU.ActiveCfg = Debug|Any CPU
		{E73770D9-3912-4E72-8889-9B13D1FFC080}.Debug|Any CPU.Build.0 = Debug|Any CPU
		{E73770D9-3912-4E72-8889-9B13D1FFC080}.Release|Any CPU.ActiveCfg = Release|Any CPU
		{E73770D9-3912-4E72-8889-9B13D1FFC080}.Release|Any CPU.Build.0 = Release|Any CPU
		{0A194518-9CB3-4B0E-9789-4EAC4A7EF5A6}.Debug|Any CPU.ActiveCfg = Debug|Any CPU
		{0A194518-9CB3-4B0E-9789-4EAC4A7EF5A6}.Debug|Any CPU.Build.0 = Debug|Any CPU
		{0A194518-9CB3-4B0E-9789-4EAC4A7EF5A6}.Release|Any CPU.ActiveCfg = Release|Any CPU
		{0A194518-9CB3-4B0E-9789-4EAC4A7EF5A6}.Release|Any CPU.Build.0 = Release|Any CPU
		{302C378F-1396-4A6E-8730-FABA5050A654}.Debug|Any CPU.ActiveCfg = Debug|Any CPU
		{302C378F-1396-4A6E-8730-FABA5050A654}.Debug|Any CPU.Build.0 = Debug|Any CPU
		{302C378F-1396-4A6E-8730-FABA5050A654}.Release|Any CPU.ActiveCfg = Release|Any CPU
		{302C378F-1396-4A6E-8730-FABA5050A654}.Release|Any CPU.Build.0 = Release|Any CPU
	EndGlobalSection
	GlobalSection(SolutionProperties) = preSolution
		HideSolutionNode = FALSE
	EndGlobalSection
	GlobalSection(NestedProjects) = preSolution
		{6CAF052C-AD26-4285-9684-7D143534479E} = {921BE402-8481-498A-83E0-C53428BF580E}
		{A73C458E-8BBB-4168-B1D2-E4A8FA1D7D98} = {921BE402-8481-498A-83E0-C53428BF580E}
		{E1B305B3-3DCE-4DC8-A669-DCD3446BA64B} = {921BE402-8481-498A-83E0-C53428BF580E}
		{41656535-5B2B-40E4-9E1A-B7B01989C717} = {921BE402-8481-498A-83E0-C53428BF580E}
		{0427CA58-E166-4CEC-846F-674831A5BED8} = {A73C458E-8BBB-4168-B1D2-E4A8FA1D7D98}
		{780777A8-1347-46B6-8894-60424B6C1104} = {E1B305B3-3DCE-4DC8-A669-DCD3446BA64B}
		{D6D168A1-89FE-4E5E-A947-A2FA3FA29570} = {E1B305B3-3DCE-4DC8-A669-DCD3446BA64B}
		{E73770D9-3912-4E72-8889-9B13D1FFC080} = {E1B305B3-3DCE-4DC8-A669-DCD3446BA64B}
		{0A194518-9CB3-4B0E-9789-4EAC4A7EF5A6} = {41656535-5B2B-40E4-9E1A-B7B01989C717}
		{302C378F-1396-4A6E-8730-FABA5050A654} = {6A05AB6E-79A9-40AA-9463-CE6B0FAD4015}
	EndGlobalSection
	GlobalSection(ExtensibilityGlobals) = postSolution
		SolutionGuid = {9C306602-2296-443F-AC1A-A9E32ACFAC22}
	EndGlobalSection
EndGlobal
